
Microsoft Visual Studio Solution File, Format Version 12.00
# Visual Studio Version 17
VisualStudioVersion = 17.3.32929.385
MinimumVisualStudioVersion = 10.0.40219.1
Project("{9A19103F-16F7-4668-BE54-9A1E7A4F7556}") = "01. Valid Usernames", "01. Valid Usernames\01. Valid Usernames.csproj", "{9944DE54-1856-4E12-9C88-7C788EC7B772}"
EndProject
Project("{9A19103F-16F7-4668-BE54-9A1E7A4F7556}") = "02. Character Multiplier", "02. Character Multiplier\02. Character Multiplier.csproj", "{EAE4A5A0-CA72-4773-B935-9967000F2A8F}"
EndProject
Project("{9A19103F-16F7-4668-BE54-9A1E7A4F7556}") = "03. Extract File", "03. Extract File\03. Extract File.csproj", "{CE4C2958-655B-42A9-96F3-9DCBD99CC086}"
EndProject
Project("{9A19103F-16F7-4668-BE54-9A1E7A4F7556}") = "04. Caesar Cipher", "04. Caesar Cipher\04. Caesar Cipher.csproj", "{14446E99-2B8E-4996-A44C-2CA987823767}"
EndProject
Project("{9A19103F-16F7-4668-BE54-9A1E7A4F7556}") = "05. Multiply Big Number", "05. Multiply Big Number\05. Multiply Big Number.csproj", "{601C7D27-D8F3-4326-9EF0-94CA0C65AA88}"
EndProject
Project("{FAE04EC0-301F-11D3-BF4B-00C04F79EFBC}") = "06. Replace Repeating Chars", "06. Replace Repeating Chars\06. Replace Repeating Chars.csproj", "{40D9C79D-7BBD-4AE1-A2DB-25B1C2F79119}"
EndProject
Project("{FAE04EC0-301F-11D3-BF4B-00C04F79EFBC}") = "07. String Explosion", "07. String Explosion\07. String Explosion.csproj", "{1581CD81-7190-4F4A-AF12-9B6928B05D92}"
EndProject
Global
	GlobalSection(SolutionConfigurationPlatforms) = preSolution
		Debug|Any CPU = Debug|Any CPU
		Release|Any CPU = Release|Any CPU
	EndGlobalSection
	GlobalSection(ProjectConfigurationPlatforms) = postSolution
		{9944DE54-1856-4E12-9C88-7C788EC7B772}.Debug|Any CPU.ActiveCfg = Debug|Any CPU
		{9944DE54-1856-4E12-9C88-7C788EC7B772}.Debug|Any CPU.Build.0 = Debug|Any CPU
		{9944DE54-1856-4E12-9C88-7C788EC7B772}.Release|Any CPU.ActiveCfg = Release|Any CPU
		{9944DE54-1856-4E12-9C88-7C788EC7B772}.Release|Any CPU.Build.0 = Release|Any CPU
		{EAE4A5A0-CA72-4773-B935-9967000F2A8F}.Debug|Any CPU.ActiveCfg = Debug|Any CPU
		{EAE4A5A0-CA72-4773-B935-9967000F2A8F}.Debug|Any CPU.Build.0 = Debug|Any CPU
		{EAE4A5A0-CA72-4773-B935-9967000F2A8F}.Release|Any CPU.ActiveCfg = Release|Any CPU
		{EAE4A5A0-CA72-4773-B935-9967000F2A8F}.Release|Any CPU.Build.0 = Release|Any CPU
		{CE4C2958-655B-42A9-96F3-9DCBD99CC086}.Debug|Any CPU.ActiveCfg = Debug|Any CPU
		{CE4C2958-655B-42A9-96F3-9DCBD99CC086}.Debug|Any CPU.Build.0 = Debug|Any CPU
		{CE4C2958-655B-42A9-96F3-9DCBD99CC086}.Release|Any CPU.ActiveCfg = Release|Any CPU
		{CE4C2958-655B-42A9-96F3-9DCBD99CC086}.Release|Any CPU.Build.0 = Release|Any CPU
		{14446E99-2B8E-4996-A44C-2CA987823767}.Debug|Any CPU.ActiveCfg = Debug|Any CPU
		{14446E99-2B8E-4996-A44C-2CA987823767}.Debug|Any CPU.Build.0 = Debug|Any CPU
		{14446E99-2B8E-4996-A44C-2CA987823767}.Release|Any CPU.ActiveCfg = Release|Any CPU
		{14446E99-2B8E-4996-A44C-2CA987823767}.Release|Any CPU.Build.0 = Release|Any CPU
		{601C7D27-D8F3-4326-9EF0-94CA0C65AA88}.Debug|Any CPU.ActiveCfg = Debug|Any CPU
		{601C7D27-D8F3-4326-9EF0-94CA0C65AA88}.Debug|Any CPU.Build.0 = Debug|Any CPU
		{601C7D27-D8F3-4326-9EF0-94CA0C65AA88}.Release|Any CPU.ActiveCfg = Release|Any CPU
		{601C7D27-D8F3-4326-9EF0-94CA0C65AA88}.Release|Any CPU.Build.0 = Release|Any CPU
		{40D9C79D-7BBD-4AE1-A2DB-25B1C2F79119}.Debug|Any CPU.ActiveCfg = Debug|Any CPU
		{40D9C79D-7BBD-4AE1-A2DB-25B1C2F79119}.Debug|Any CPU.Build.0 = Debug|Any CPU
		{40D9C79D-7BBD-4AE1-A2DB-25B1C2F79119}.Release|Any CPU.ActiveCfg = Release|Any CPU
		{40D9C79D-7BBD-4AE1-A2DB-25B1C2F79119}.Release|Any CPU.Build.0 = Release|Any CPU
		{1581CD81-7190-4F4A-AF12-9B6928B05D92}.Debug|Any CPU.ActiveCfg = Debug|Any CPU
		{1581CD81-7190-4F4A-AF12-9B6928B05D92}.Debug|Any CPU.Build.0 = Debug|Any CPU
		{1581CD81-7190-4F4A-AF12-9B6928B05D92}.Release|Any CPU.ActiveCfg = Release|Any CPU
		{1581CD81-7190-4F4A-AF12-9B6928B05D92}.Release|Any CPU.Build.0 = Release|Any CPU
	EndGlobalSection
	GlobalSection(SolutionProperties) = preSolution
		HideSolutionNode = FALSE
	EndGlobalSection
	GlobalSection(ExtensibilityGlobals) = postSolution
		SolutionGuid = {050E5DC8-8D0C-4C7D-A2E9-9DF8B645F685}
	EndGlobalSection
EndGlobal
