
Microsoft Visual Studio Solution File, Format Version 12.00
# Visual Studio Version 17
VisualStudioVersion = 17.3.32929.385
MinimumVisualStudioVersion = 10.0.40219.1
Project("{FAE04EC0-301F-11D3-BF4B-00C04F79EFBC}") = "01. Advertisement Message", "01. Advertisement Message\01. Advertisement Message.csproj", "{1F2D3C26-7E10-4D7D-B268-7D1CD25024F2}"
EndProject
Project("{FAE04EC0-301F-11D3-BF4B-00C04F79EFBC}") = "02. Articles", "02. Articles\02. Articles.csproj", "{F41C7B5B-F39F-4720-AC19-14EE7EC8223F}"
EndProject
Project("{FAE04EC0-301F-11D3-BF4B-00C04F79EFBC}") = "03. Articles 2.0", "03. Articles 2.0\03. Articles 2.0.csproj", "{735AF9A7-9F5C-4F04-A752-273BCAE70876}"
EndProject
Global
	GlobalSection(SolutionConfigurationPlatforms) = preSolution
		Debug|Any CPU = Debug|Any CPU
		Release|Any CPU = Release|Any CPU
	EndGlobalSection
	GlobalSection(ProjectConfigurationPlatforms) = postSolution
		{1F2D3C26-7E10-4D7D-B268-7D1CD25024F2}.Debug|Any CPU.ActiveCfg = Debug|Any CPU
		{1F2D3C26-7E10-4D7D-B268-7D1CD25024F2}.Debug|Any CPU.Build.0 = Debug|Any CPU
		{1F2D3C26-7E10-4D7D-B268-7D1CD25024F2}.Release|Any CPU.ActiveCfg = Release|Any CPU
		{1F2D3C26-7E10-4D7D-B268-7D1CD25024F2}.Release|Any CPU.Build.0 = Release|Any CPU
		{F41C7B5B-F39F-4720-AC19-14EE7EC8223F}.Debug|Any CPU.ActiveCfg = Debug|Any CPU
		{F41C7B5B-F39F-4720-AC19-14EE7EC8223F}.Debug|Any CPU.Build.0 = Debug|Any CPU
		{F41C7B5B-F39F-4720-AC19-14EE7EC8223F}.Release|Any CPU.ActiveCfg = Release|Any CPU
		{F41C7B5B-F39F-4720-AC19-14EE7EC8223F}.Release|Any CPU.Build.0 = Release|Any CPU
		{735AF9A7-9F5C-4F04-A752-273BCAE70876}.Debug|Any CPU.ActiveCfg = Debug|Any CPU
		{735AF9A7-9F5C-4F04-A752-273BCAE70876}.Debug|Any CPU.Build.0 = Debug|Any CPU
		{735AF9A7-9F5C-4F04-A752-273BCAE70876}.Release|Any CPU.ActiveCfg = Release|Any CPU
		{735AF9A7-9F5C-4F04-A752-273BCAE70876}.Release|Any CPU.Build.0 = Release|Any CPU
	EndGlobalSection
	GlobalSection(SolutionProperties) = preSolution
		HideSolutionNode = FALSE
	EndGlobalSection
	GlobalSection(ExtensibilityGlobals) = postSolution
		SolutionGuid = {13EBEFE2-C3BE-416C-89FF-8AFBE0C50986}
	EndGlobalSection
EndGlobal
