
Microsoft Visual Studio Solution File, Format Version 12.00
# Visual Studio Version 17
VisualStudioVersion = 17.3.32929.385
MinimumVisualStudioVersion = 10.0.40219.1
Project("{FAE04EC0-301F-11D3-BF4B-00C04F79EFBC}") = "01. The Imitation Game", "01. The Imitation Game\01. The Imitation Game.csproj", "{B050E480-550D-4111-B25C-B042D93AB2C3}"
EndProject
Global
	GlobalSection(SolutionConfigurationPlatforms) = preSolution
		Debug|Any CPU = Debug|Any CPU
		Release|Any CPU = Release|Any CPU
	EndGlobalSection
	GlobalSection(ProjectConfigurationPlatforms) = postSolution
		{B050E480-550D-4111-B25C-B042D93AB2C3}.Debug|Any CPU.ActiveCfg = Debug|Any CPU
		{B050E480-550D-4111-B25C-B042D93AB2C3}.Debug|Any CPU.Build.0 = Debug|Any CPU
		{B050E480-550D-4111-B25C-B042D93AB2C3}.Release|Any CPU.ActiveCfg = Release|Any CPU
		{B050E480-550D-4111-B25C-B042D93AB2C3}.Release|Any CPU.Build.0 = Release|Any CPU
	EndGlobalSection
	GlobalSection(SolutionProperties) = preSolution
		HideSolutionNode = FALSE
	EndGlobalSection
	GlobalSection(ExtensibilityGlobals) = postSolution
		SolutionGuid = {0239C176-D615-49EA-B763-F0DBA729F5DA}
	EndGlobalSection
EndGlobal
