
Microsoft Visual Studio Solution File, Format Version 12.00
# Visual Studio Version 17
VisualStudioVersion = 17.3.32929.385
MinimumVisualStudioVersion = 10.0.40219.1
Project("{FAE04EC0-301F-11D3-BF4B-00C04F79EFBC}") = "01. Furniture", "01. Furniture\01. Furniture.csproj", "{394ED830-E676-4DB5-B648-FB632DD5873E}"
EndProject
Global
	GlobalSection(SolutionConfigurationPlatforms) = preSolution
		Debug|Any CPU = Debug|Any CPU
		Release|Any CPU = Release|Any CPU
	EndGlobalSection
	GlobalSection(ProjectConfigurationPlatforms) = postSolution
		{394ED830-E676-4DB5-B648-FB632DD5873E}.Debug|Any CPU.ActiveCfg = Debug|Any CPU
		{394ED830-E676-4DB5-B648-FB632DD5873E}.Debug|Any CPU.Build.0 = Debug|Any CPU
		{394ED830-E676-4DB5-B648-FB632DD5873E}.Release|Any CPU.ActiveCfg = Release|Any CPU
		{394ED830-E676-4DB5-B648-FB632DD5873E}.Release|Any CPU.Build.0 = Release|Any CPU
	EndGlobalSection
	GlobalSection(SolutionProperties) = preSolution
		HideSolutionNode = FALSE
	EndGlobalSection
	GlobalSection(ExtensibilityGlobals) = postSolution
		SolutionGuid = {F82004AF-EFBF-47D2-B1CA-E6D56F2EEA5F}
	EndGlobalSection
EndGlobal
