
Microsoft Visual Studio Solution File, Format Version 12.00
# Visual Studio Version 17
VisualStudioVersion = 17.3.32929.385
MinimumVisualStudioVersion = 10.0.40219.1
Project("{FAE04EC0-301F-11D3-BF4B-00C04F79EFBC}") = "01. World Tour", "01. World Tour\01. World Tour.csproj", "{B46467A5-39AA-4EBB-B000-C90E10C26CCE}"
EndProject
Project("{FAE04EC0-301F-11D3-BF4B-00C04F79EFBC}") = "02. Mirror Words", "02. Mirror Words\02. Mirror Words.csproj", "{FCFB201B-1CD2-4060-85AE-6CD4C9CA64B8}"
EndProject
Project("{FAE04EC0-301F-11D3-BF4B-00C04F79EFBC}") = "03. The Pianist", "03. The Pianist\03. The Pianist.csproj", "{E4ABB54F-4D5B-4017-8BBC-08781D459356}"
EndProject
Global
	GlobalSection(SolutionConfigurationPlatforms) = preSolution
		Debug|Any CPU = Debug|Any CPU
		Release|Any CPU = Release|Any CPU
	EndGlobalSection
	GlobalSection(ProjectConfigurationPlatforms) = postSolution
		{B46467A5-39AA-4EBB-B000-C90E10C26CCE}.Debug|Any CPU.ActiveCfg = Debug|Any CPU
		{B46467A5-39AA-4EBB-B000-C90E10C26CCE}.Debug|Any CPU.Build.0 = Debug|Any CPU
		{B46467A5-39AA-4EBB-B000-C90E10C26CCE}.Release|Any CPU.ActiveCfg = Release|Any CPU
		{B46467A5-39AA-4EBB-B000-C90E10C26CCE}.Release|Any CPU.Build.0 = Release|Any CPU
		{FCFB201B-1CD2-4060-85AE-6CD4C9CA64B8}.Debug|Any CPU.ActiveCfg = Debug|Any CPU
		{FCFB201B-1CD2-4060-85AE-6CD4C9CA64B8}.Debug|Any CPU.Build.0 = Debug|Any CPU
		{FCFB201B-1CD2-4060-85AE-6CD4C9CA64B8}.Release|Any CPU.ActiveCfg = Release|Any CPU
		{FCFB201B-1CD2-4060-85AE-6CD4C9CA64B8}.Release|Any CPU.Build.0 = Release|Any CPU
		{E4ABB54F-4D5B-4017-8BBC-08781D459356}.Debug|Any CPU.ActiveCfg = Debug|Any CPU
		{E4ABB54F-4D5B-4017-8BBC-08781D459356}.Debug|Any CPU.Build.0 = Debug|Any CPU
		{E4ABB54F-4D5B-4017-8BBC-08781D459356}.Release|Any CPU.ActiveCfg = Release|Any CPU
		{E4ABB54F-4D5B-4017-8BBC-08781D459356}.Release|Any CPU.Build.0 = Release|Any CPU
	EndGlobalSection
	GlobalSection(SolutionProperties) = preSolution
		HideSolutionNode = FALSE
	EndGlobalSection
	GlobalSection(ExtensibilityGlobals) = postSolution
		SolutionGuid = {D8CE6EBE-F042-45E2-8E19-D33868407C64}
	EndGlobalSection
EndGlobal
